
Microsoft Visual Studio Solution File, Format Version 11.00
# Visual C++ Express 2010
Project("{8BC9CEB8-8B4A-11D0-8D11-00A0C91BC942}") = "rain", "rain.vcxproj", "{EA1F1148-41F5-4A09-B57A-E11EF7487CCB}"
EndProject
Global
	GlobalSection(SolutionConfigurationPlatforms) = preSolution
		Debug|Win32 = Debug|Win32
		Release|Win32 = Release|Win32
	EndGlobalSection
	GlobalSection(ProjectConfigurationPlatforms) = postSolution
		{EA1F1148-41F5-4A09-B57A-E11EF7487CCB}.Debug|Win32.ActiveCfg = Debug|Win32
		{EA1F1148-41F5-4A09-B57A-E11EF7487CCB}.Debug|Win32.Build.0 = Debug|Win32
		{EA1F1148-41F5-4A09-B57A-E11EF7487CCB}.Release|Win32.ActiveCfg = Release|Win32
		{EA1F1148-41F5-4A09-B57A-E11EF7487CCB}.Release|Win32.Build.0 = Release|Win32
	EndGlobalSection
	GlobalSection(SolutionProperties) = preSolution
		HideSolutionNode = FALSE
	EndGlobalSection
EndGlobal
